
Microsoft Visual Studio Solution File, Format Version 12.00
# Visual Studio 15
VisualStudioVersion = 15.0.28307.421
MinimumVisualStudioVersion = 10.0.40219.1
Project("{FAE04EC0-301F-11D3-BF4B-00C04F79EFBC}") = "DeterminantFinder", "DeterminantFinder\DeterminantFinder.csproj", "{BC430265-0F6E-4594-9237-03533360DF9E}"
EndProject
Global
	GlobalSection(SolutionConfigurationPlatforms) = preSolution
		Debug|Any CPU = Debug|Any CPU
		Release|Any CPU = Release|Any CPU
	EndGlobalSection
	GlobalSection(ProjectConfigurationPlatforms) = postSolution
		{BC430265-0F6E-4594-9237-03533360DF9E}.Debug|Any CPU.ActiveCfg = Debug|Any CPU
		{BC430265-0F6E-4594-9237-03533360DF9E}.Debug|Any CPU.Build.0 = Debug|Any CPU
		{BC430265-0F6E-4594-9237-03533360DF9E}.Release|Any CPU.ActiveCfg = Release|Any CPU
		{BC430265-0F6E-4594-9237-03533360DF9E}.Release|Any CPU.Build.0 = Release|Any CPU
	EndGlobalSection
	GlobalSection(SolutionProperties) = preSolution
		HideSolutionNode = FALSE
	EndGlobalSection
	GlobalSection(ExtensibilityGlobals) = postSolution
		SolutionGuid = {23487998-B89D-49AE-A7C0-AC12534FDFF7}
	EndGlobalSection
EndGlobal
